// !$*UTF8*$!
{
	archiveVersion = 1;
	classes = {
	};
	objectVersion = 56;
	objects = {

/* Begin PBXBuildFile section */
		4839CF6829955AA700AAABD8 /* AppDelegate.swift in Sources */ = {isa = PBXBuildFile; fileRef = 4839CF6729955AA700AAABD8 /* AppDelegate.swift */; };
		4839CF6A29955AA700AAABD8 /* SceneDelegate.swift in Sources */ = {isa = PBXBuildFile; fileRef = 4839CF6929955AA700AAABD8 /* SceneDelegate.swift */; };
		4839CF7129955AA800AAABD8 /* Assets.xcassets in Resources */ = {isa = PBXBuildFile; fileRef = 4839CF7029955AA800AAABD8 /* Assets.xcassets */; };
		4839CF7429955AA800AAABD8 /* LaunchScreen.storyboard in Resources */ = {isa = PBXBuildFile; fileRef = 4839CF7229955AA800AAABD8 /* LaunchScreen.storyboard */; };
		4839CF7F29955B5600AAABD8 /* SignUpController.swift in Sources */ = {isa = PBXBuildFile; fileRef = 4839CF7E29955B5600AAABD8 /* SignUpController.swift */; };
		4839CF82299563B000AAABD8 /* SignUpViewController + Constraints.swift in Sources */ = {isa = PBXBuildFile; fileRef = 4839CF81299563B000AAABD8 /* SignUpViewController + Constraints.swift */; };
		4839CF85299563E300AAABD8 /* SnapKit in Frameworks */ = {isa = PBXBuildFile; productRef = 4839CF84299563E300AAABD8 /* SnapKit */; };
/* End PBXBuildFile section */

/* Begin PBXFileReference section */
		4839CF6429955AA700AAABD8 /* Registration.app */ = {isa = PBXFileReference; explicitFileType = wrapper.application; includeInIndex = 0; path = Registration.app; sourceTree = BUILT_PRODUCTS_DIR; };
		4839CF6729955AA700AAABD8 /* AppDelegate.swift */ = {isa = PBXFileReference; lastKnownFileType = sourcecode.swift; path = AppDelegate.swift; sourceTree = "<group>"; };
		4839CF6929955AA700AAABD8 /* SceneDelegate.swift */ = {isa = PBXFileReference; lastKnownFileType = sourcecode.swift; path = SceneDelegate.swift; sourceTree = "<group>"; };
		4839CF7029955AA800AAABD8 /* Assets.xcassets */ = {isa = PBXFileReference; lastKnownFileType = folder.assetcatalog; path = Assets.xcassets; sourceTree = "<group>"; };
		4839CF7329955AA800AAABD8 /* Base */ = {isa = PBXFileReference; lastKnownFileType = file.storyboard; name = Base; path = Base.lproj/LaunchScreen.storyboard; sourceTree = "<group>"; };
		4839CF7529955AA800AAABD8 /* Info.plist */ = {isa = PBXFileReference; lastKnownFileType = text.plist.xml; path = Info.plist; sourceTree = "<group>"; };
		4839CF7E29955B5600AAABD8 /* SignUpController.swift */ = {isa = PBXFileReference; lastKnownFileType = sourcecode.swift; path = SignUpController.swift; sourceTree = "<group>"; };
		4839CF81299563B000AAABD8 /* SignUpViewController + Constraints.swift */ = {isa = PBXFileReference; lastKnownFileType = sourcecode.swift; path = "SignUpViewController + Constraints.swift"; sourceTree = "<group>"; };
/* End PBXFileReference section */

/* Begin PBXFrameworksBuildPhase section */
		4839CF6129955AA700AAABD8 /* Frameworks */ = {
			isa = PBXFrameworksBuildPhase;
			buildActionMask = 2147483647;
			files = (
				4839CF85299563E300AAABD8 /* SnapKit in Frameworks */,
			);
			runOnlyForDeploymentPostprocessing = 0;
		};
/* End PBXFrameworksBuildPhase section */

/* Begin PBXGroup section */
		4839CF5B29955AA700AAABD8 = {
			isa = PBXGroup;
			children = (
				4839CF6629955AA700AAABD8 /* Registration */,
				4839CF6529955AA700AAABD8 /* Products */,
			);
			sourceTree = "<group>";
		};
		4839CF6529955AA700AAABD8 /* Products */ = {
			isa = PBXGroup;
			children = (
				4839CF6429955AA700AAABD8 /* Registration.app */,
			);
			name = Products;
			sourceTree = "<group>";
		};
		4839CF6629955AA700AAABD8 /* Registration */ = {
			isa = PBXGroup;
			children = (
				4839CF7B29955AB100AAABD8 /* App */,
				4839CF7D29955B0900AAABD8 /* Resources */,
				4839CF8029955EEB00AAABD8 /* View */,
				4839CF7C29955AFC00AAABD8 /* Launch */,
			);
			path = Registration;
			sourceTree = "<group>";
		};
		4839CF7B29955AB100AAABD8 /* App */ = {
			isa = PBXGroup;
			children = (
				4839CF6729955AA700AAABD8 /* AppDelegate.swift */,
				4839CF6929955AA700AAABD8 /* SceneDelegate.swift */,
			);
			path = App;
			sourceTree = "<group>";
		};
		4839CF7C29955AFC00AAABD8 /* Launch */ = {
			isa = PBXGroup;
			children = (
				4839CF7229955AA800AAABD8 /* LaunchScreen.storyboard */,
			);
			path = Launch;
			sourceTree = "<group>";
		};
		4839CF7D29955B0900AAABD8 /* Resources */ = {
			isa = PBXGroup;
			children = (
				4839CF7029955AA800AAABD8 /* Assets.xcassets */,
				4839CF7529955AA800AAABD8 /* Info.plist */,
			);
			path = Resources;
			sourceTree = "<group>";
		};
		4839CF8029955EEB00AAABD8 /* View */ = {
			isa = PBXGroup;
			children = (
				4839CF7E29955B5600AAABD8 /* SignUpController.swift */,
				4839CF81299563B000AAABD8 /* SignUpViewController + Constraints.swift */,
			);
			path = View;
			sourceTree = "<group>";
		};
/* End PBXGroup section */

/* Begin PBXNativeTarget section */
		4839CF6329955AA700AAABD8 /* Registration */ = {
			isa = PBXNativeTarget;
			buildConfigurationList = 4839CF7829955AA800AAABD8 /* Build configuration list for PBXNativeTarget "Registration" */;
			buildPhases = (
				4839CF6029955AA700AAABD8 /* Sources */,
				4839CF6129955AA700AAABD8 /* Frameworks */,
				4839CF6229955AA700AAABD8 /* Resources */,
			);
			buildRules = (
			);
			dependencies = (
			);
			name = Registration;
			packageProductDependencies = (
				4839CF84299563E300AAABD8 /* SnapKit */,
			);
			productName = Registration;
			productReference = 4839CF6429955AA700AAABD8 /* Registration.app */;
			productType = "com.apple.product-type.application";
		};
/* End PBXNativeTarget section */

/* Begin PBXProject section */
		4839CF5C29955AA700AAABD8 /* Project object */ = {
			isa = PBXProject;
			attributes = {
				BuildIndependentTargetsInParallel = 1;
				LastSwiftUpdateCheck = 1420;
				LastUpgradeCheck = 1420;
				TargetAttributes = {
					4839CF6329955AA700AAABD8 = {
						CreatedOnToolsVersion = 14.2;
					};
				};
			};
			buildConfigurationList = 4839CF5F29955AA700AAABD8 /* Build configuration list for PBXProject "Registration" */;
			compatibilityVersion = "Xcode 14.0";
			developmentRegion = en;
			hasScannedForEncodings = 0;
			knownRegions = (
				en,
				Base,
			);
			mainGroup = 4839CF5B29955AA700AAABD8;
			packageReferences = (
				4839CF83299563E300AAABD8 /* XCRemoteSwiftPackageReference "SnapKit" */,
			);
			productRefGroup = 4839CF6529955AA700AAABD8 /* Products */;
			projectDirPath = "";
			projectRoot = "";
			targets = (
				4839CF6329955AA700AAABD8 /* Registration */,
			);
		};
/* End PBXProject section */

/* Begin PBXResourcesBuildPhase section */
		4839CF6229955AA700AAABD8 /* Resources */ = {
			isa = PBXResourcesBuildPhase;
			buildActionMask = 2147483647;
			files = (
				4839CF7429955AA800AAABD8 /* LaunchScreen.storyboard in Resources */,
				4839CF7129955AA800AAABD8 /* Assets.xcassets in Resources */,
			);
			runOnlyForDeploymentPostprocessing = 0;
		};
/* End PBXResourcesBuildPhase section */

/* Begin PBXSourcesBuildPhase section */
		4839CF6029955AA700AAABD8 /* Sources */ = {
			isa = PBXSourcesBuildPhase;
			buildActionMask = 2147483647;
			files = (
				4839CF6829955AA700AAABD8 /* AppDelegate.swift in Sources */,
				4839CF6A29955AA700AAABD8 /* SceneDelegate.swift in Sources */,
				4839CF7F29955B5600AAABD8 /* SignUpController.swift in Sources */,
				4839CF82299563B000AAABD8 /* SignUpViewController + Constraints.swift in Sources */,
			);
			runOnlyForDeploymentPostprocessing = 0;
		};
/* End PBXSourcesBuildPhase section */

/* Begin PBXVariantGroup section */
		4839CF7229955AA800AAABD8 /* LaunchScreen.storyboard */ = {
			isa = PBXVariantGroup;
			children = (
				4839CF7329955AA800AAABD8 /* Base */,
			);
			name = LaunchScreen.storyboard;
			sourceTree = "<group>";
		};
/* End PBXVariantGroup section */

/* Begin XCBuildConfiguration section */
		4839CF7629955AA800AAABD8 /* Debug */ = {
			isa = XCBuildConfiguration;
			buildSettings = {
				ALWAYS_SEARCH_USER_PATHS = NO;
				CLANG_ANALYZER_NONNULL = YES;
				CLANG_ANALYZER_NUMBER_OBJECT_CONVERSION = YES_AGGRESSIVE;
				CLANG_CXX_LANGUAGE_STANDARD = "gnu++20";
				CLANG_ENABLE_MODULES = YES;
				CLANG_ENABLE_OBJC_ARC = YES;
				CLANG_ENABLE_OBJC_WEAK = YES;
				CLANG_WARN_BLOCK_CAPTURE_AUTORELEASING = YES;
				CLANG_WARN_BOOL_CONVERSION = YES;
				CLANG_WARN_COMMA = YES;
				CLANG_WARN_CONSTANT_CONVERSION = YES;
				CLANG_WARN_DEPRECATED_OBJC_IMPLEMENTATIONS = YES;
				CLANG_WARN_DIRECT_OBJC_ISA_USAGE = YES_ERROR;
				CLANG_WARN_DOCUMENTATION_COMMENTS = YES;
				CLANG_WARN_EMPTY_BODY = YES;
				CLANG_WARN_ENUM_CONVERSION = YES;
				CLANG_WARN_INFINITE_RECURSION = YES;
				CLANG_WARN_INT_CONVERSION = YES;
				CLANG_WARN_NON_LITERAL_NULL_CONVERSION = YES;
				CLANG_WARN_OBJC_IMPLICIT_RETAIN_SELF = YES;
				CLANG_WARN_OBJC_LITERAL_CONVERSION = YES;
				CLANG_WARN_OBJC_ROOT_CLASS = YES_ERROR;
				CLANG_WARN_QUOTED_INCLUDE_IN_FRAMEWORK_HEADER = YES;
				CLANG_WARN_RANGE_LOOP_ANALYSIS = YES;
				CLANG_WARN_STRICT_PROTOTYPES = YES;
				CLANG_WARN_SUSPICIOUS_MOVE = YES;
				CLANG_WARN_UNGUARDED_AVAILABILITY = YES_AGGRESSIVE;
				CLANG_WARN_UNREACHABLE_CODE = YES;
				CLANG_WARN__DUPLICATE_METHOD_MATCH = YES;
				COPY_PHASE_STRIP = NO;
				DEBUG_INFORMATION_FORMAT = dwarf;
				ENABLE_STRICT_OBJC_MSGSEND = YES;
				ENABLE_TESTABILITY = YES;
				GCC_C_LANGUAGE_STANDARD = gnu11;
				GCC_DYNAMIC_NO_PIC = NO;
				GCC_NO_COMMON_BLOCKS = YES;
				GCC_OPTIMIZATION_LEVEL = 0;
				GCC_PREPROCESSOR_DEFINITIONS = (
					"DEBUG=1",
					"$(inherited)",
				);
				GCC_WARN_64_TO_32_BIT_CONVERSION = YES;
				GCC_WARN_ABOUT_RETURN_TYPE = YES_ERROR;
				GCC_WARN_UNDECLARED_SELECTOR = YES;
				GCC_WARN_UNINITIALIZED_AUTOS = YES_AGGRESSIVE;
				GCC_WARN_UNUSED_FUNCTION = YES;
				GCC_WARN_UNUSED_VARIABLE = YES;
				IPHONEOS_DEPLOYMENT_TARGET = 16.2;
				MTL_ENABLE_DEBUG_INFO = INCLUDE_SOURCE;
				MTL_FAST_MATH = YES;
				ONLY_ACTIVE_ARCH = YES;
				SDKROOT = iphoneos;
				SWIFT_ACTIVE_COMPILATION_CONDITIONS = DEBUG;
				SWIFT_OPTIMIZATION_LEVEL = "-Onone";
			};
			name = Debug;
		};
		4839CF7729955AA800AAABD8 /* Release */ = {
			isa = XCBuildConfiguration;
			buildSettings = {
				ALWAYS_SEARCH_USER_PATHS = NO;
				CLANG_ANALYZER_NONNULL = YES;
				CLANG_ANALYZER_NUMBER_OBJECT_CONVERSION = YES_AGGRESSIVE;
				CLANG_CXX_LANGUAGE_STANDARD = "gnu++20";
				CLANG_ENABLE_MODULES = YES;
				CLANG_ENABLE_OBJC_ARC = YES;
				CLANG_ENABLE_OBJC_WEAK = YES;
				CLANG_WARN_BLOCK_CAPTURE_AUTORELEASING = YES;
				CLANG_WARN_BOOL_CONVERSION = YES;
				CLANG_WARN_COMMA = YES;
				CLANG_WARN_CONSTANT_CONVERSION = YES;
				CLANG_WARN_DEPRECATED_OBJC_IMPLEMENTATIONS = YES;
				CLANG_WARN_DIRECT_OBJC_ISA_USAGE = YES_ERROR;
				CLANG_WARN_DOCUMENTATION_COMMENTS = YES;
				CLANG_WARN_EMPTY_BODY = YES;
				CLANG_WARN_ENUM_CONVERSION = YES;
				CLANG_WARN_INFINITE_RECURSION = YES;
				CLANG_WARN_INT_CONVERSION = YES;
				CLANG_WARN_NON_LITERAL_NULL_CONVERSION = YES;
				CLANG_WARN_OBJC_IMPLICIT_RETAIN_SELF = YES;
				CLANG_WARN_OBJC_LITERAL_CONVERSION = YES;
				CLANG_WARN_OBJC_ROOT_CLASS = YES_ERROR;
				CLANG_WARN_QUOTED_INCLUDE_IN_FRAMEWORK_HEADER = YES;
				CLANG_WARN_RANGE_LOOP_ANALYSIS = YES;
				CLANG_WARN_STRICT_PROTOTYPES = YES;
				CLANG_WARN_SUSPICIOUS_MOVE = YES;
				CLANG_WARN_UNGUARDED_AVAILABILITY = YES_AGGRESSIVE;
				CLANG_WARN_UNREACHABLE_CODE = YES;
				CLANG_WARN__DUPLICATE_METHOD_MATCH = YES;
				COPY_PHASE_STRIP = NO;
				DEBUG_INFORMATION_FORMAT = "dwarf-with-dsym";
				ENABLE_NS_ASSERTIONS = NO;
				ENABLE_STRICT_OBJC_MSGSEND = YES;
				GCC_C_LANGUAGE_STANDARD = gnu11;
				GCC_NO_COMMON_BLOCKS = YES;
				GCC_WARN_64_TO_32_BIT_CONVERSION = YES;
				GCC_WARN_ABOUT_RETURN_TYPE = YES_ERROR;
				GCC_WARN_UNDECLARED_SELECTOR = YES;
				GCC_WARN_UNINITIALIZED_AUTOS = YES_AGGRESSIVE;
				GCC_WARN_UNUSED_FUNCTION = YES;
				GCC_WARN_UNUSED_VARIABLE = YES;
				IPHONEOS_DEPLOYMENT_TARGET = 16.2;
				MTL_ENABLE_DEBUG_INFO = NO;
				MTL_FAST_MATH = YES;
				SDKROOT = iphoneos;
				SWIFT_COMPILATION_MODE = wholemodule;
				SWIFT_OPTIMIZATION_LEVEL = "-O";
				VALIDATE_PRODUCT = YES;
			};
			name = Release;
		};
		4839CF7929955AA800AAABD8 /* Debug */ = {
			isa = XCBuildConfiguration;
			buildSettings = {
				ASSETCATALOG_COMPILER_APPICON_NAME = AppIcon;
				ASSETCATALOG_COMPILER_GLOBAL_ACCENT_COLOR_NAME = AccentColor;
				CODE_SIGN_STYLE = Automatic;
				CURRENT_PROJECT_VERSION = 1;
				GENERATE_INFOPLIST_FILE = YES;
				INFOPLIST_FILE = Registration/Resources/Info.plist;
				INFOPLIST_KEY_UIApplicationSupportsIndirectInputEvents = YES;
				INFOPLIST_KEY_UILaunchStoryboardName = LaunchScreen;
				INFOPLIST_KEY_UISupportedInterfaceOrientations_iPad = "UIInterfaceOrientationPortrait UIInterfaceOrientationPortraitUpsideDown UIInterfaceOrientationLandscapeLeft UIInterfaceOrientationLandscapeRight";
				INFOPLIST_KEY_UISupportedInterfaceOrientations_iPhone = "UIInterfaceOrientationPortrait UIInterfaceOrientationLandscapeLeft UIInterfaceOrientationLandscapeRight";
				LD_RUNPATH_SEARCH_PATHS = (
					"$(inherited)",
					"@executable_path/Frameworks",
				);
				MARKETING_VERSION = 0.1.0;
				PRODUCT_BUNDLE_IDENTIFIER = com.yavuzyerer.Registration;
				PRODUCT_NAME = "$(TARGET_NAME)";
				SWIFT_EMIT_LOC_STRINGS = YES;
				SWIFT_VERSION = 5.0;
				TARGETED_DEVICE_FAMILY = "1,2";
			};
			name = Debug;
		};
		4839CF7A29955AA800AAABD8 /* Release */ = {
			isa = XCBuildConfiguration;
			buildSettings = {
				ASSETCATALOG_COMPILER_APPICON_NAME = AppIcon;
				ASSETCATALOG_COMPILER_GLOBAL_ACCENT_COLOR_NAME = AccentColor;
				CODE_SIGN_STYLE = Automatic;
				CURRENT_PROJECT_VERSION = 1;
				GENERATE_INFOPLIST_FILE = YES;
				INFOPLIST_FILE = Registration/Resources/Info.plist;
				INFOPLIST_KEY_UIApplicationSupportsIndirectInputEvents = YES;
				INFOPLIST_KEY_UILaunchStoryboardName = LaunchScreen;
				INFOPLIST_KEY_UISupportedInterfaceOrientations_iPad = "UIInterfaceOrientationPortrait UIInterfaceOrientationPortraitUpsideDown UIInterfaceOrientationLandscapeLeft UIInterfaceOrientationLandscapeRight";
				INFOPLIST_KEY_UISupportedInterfaceOrientations_iPhone = "UIInterfaceOrientationPortrait UIInterfaceOrientationLandscapeLeft UIInterfaceOrientationLandscapeRight";
				LD_RUNPATH_SEARCH_PATHS = (
					"$(inherited)",
					"@executable_path/Frameworks",
				);
				MARKETING_VERSION = 0.1.0;
				PRODUCT_BUNDLE_IDENTIFIER = com.yavuzyerer.Registration;
				PRODUCT_NAME = "$(TARGET_NAME)";
				SWIFT_EMIT_LOC_STRINGS = YES;
				SWIFT_VERSION = 5.0;
				TARGETED_DEVICE_FAMILY = "1,2";
			};
			name = Release;
		};
/* End XCBuildConfiguration section */

/* Begin XCConfigurationList section */
		4839CF5F29955AA700AAABD8 /* Build configuration list for PBXProject "Registration" */ = {
			isa = XCConfigurationList;
			buildConfigurations = (
				4839CF7629955AA800AAABD8 /* Debug */,
				4839CF7729955AA800AAABD8 /* Release */,
			);
			defaultConfigurationIsVisible = 0;
			defaultConfigurationName = Release;
		};
		4839CF7829955AA800AAABD8 /* Build configuration list for PBXNativeTarget "Registration" */ = {
			isa = XCConfigurationList;
			buildConfigurations = (
				4839CF7929955AA800AAABD8 /* Debug */,
				4839CF7A29955AA800AAABD8 /* Release */,
			);
			defaultConfigurationIsVisible = 0;
			defaultConfigurationName = Release;
		};
/* End XCConfigurationList section */

/* Begin XCRemoteSwiftPackageReference section */
		4839CF83299563E300AAABD8 /* XCRemoteSwiftPackageReference "SnapKit" */ = {
			isa = XCRemoteSwiftPackageReference;
			repositoryURL = "https://github.com/SnapKit/SnapKit.git";
			requirement = {
				branch = develop;
				kind = branch;
			};
		};
/* End XCRemoteSwiftPackageReference section */

/* Begin XCSwiftPackageProductDependency section */
		4839CF84299563E300AAABD8 /* SnapKit */ = {
			isa = XCSwiftPackageProductDependency;
			package = 4839CF83299563E300AAABD8 /* XCRemoteSwiftPackageReference "SnapKit" */;
			productName = SnapKit;
		};
/* End XCSwiftPackageProductDependency section */
	};
	rootObject = 4839CF5C29955AA700AAABD8 /* Project object */;
}
